
Microsoft Visual Studio Solution File, Format Version 12.00
# Visual Studio Version 16
VisualStudioVersion = 16.0.32126.315
MinimumVisualStudioVersion = 10.0.40219.1
Project("{FAE04EC0-301F-11D3-BF4B-00C04F79EFBC}") = "ManagementSystem", "ManagementSystem.csproj", "{EAE41E41-D508-4E49-9A9E-0B590A6D985F}"
EndProject
Global
	GlobalSection(SolutionConfigurationPlatforms) = preSolution
		Debug|Any CPU = Debug|Any CPU
		Release|Any CPU = Release|Any CPU
	EndGlobalSection
	GlobalSection(ProjectConfigurationPlatforms) = postSolution
		{EAE41E41-D508-4E49-9A9E-0B590A6D985F}.Debug|Any CPU.ActiveCfg = Debug|Any CPU
		{EAE41E41-D508-4E49-9A9E-0B590A6D985F}.Debug|Any CPU.Build.0 = Debug|Any CPU
		{EAE41E41-D508-4E49-9A9E-0B590A6D985F}.Release|Any CPU.ActiveCfg = Release|Any CPU
		{EAE41E41-D508-4E49-9A9E-0B590A6D985F}.Release|Any CPU.Build.0 = Release|Any CPU
	EndGlobalSection
	GlobalSection(SolutionProperties) = preSolution
		HideSolutionNode = FALSE
	EndGlobalSection
	GlobalSection(ExtensibilityGlobals) = postSolution
		SolutionGuid = {83460937-A0DA-4CB8-8789-CF734B2BD4CC}
	EndGlobalSection
EndGlobal
